
Microsoft Visual Studio Solution File, Format Version 12.00
# Visual Studio Version 17
VisualStudioVersion = 17.11.35312.102
MinimumVisualStudioVersion = 10.0.40219.1
Project("{FAE04EC0-301F-11D3-BF4B-00C04F79EFBC}") = "Live_ConsultingKSP", "Live_ConsultingKSP\Live_ConsultingKSP.csproj", "{451D4779-B5A0-4F6C-88E1-DA6B5AAE654F}"
EndProject
Project("{FAE04EC0-301F-11D3-BF4B-00C04F79EFBC}") = "DataAccess", "DataAccess\DataAccess.csproj", "{0F2D1849-19C7-4C4A-96DC-686CB1F5E1CD}"
EndProject
Global
	GlobalSection(SolutionConfigurationPlatforms) = preSolution
		Debug|Any CPU = Debug|Any CPU
		Release|Any CPU = Release|Any CPU
	EndGlobalSection
	GlobalSection(ProjectConfigurationPlatforms) = postSolution
		{451D4779-B5A0-4F6C-88E1-DA6B5AAE654F}.Debug|Any CPU.ActiveCfg = Debug|Any CPU
		{451D4779-B5A0-4F6C-88E1-DA6B5AAE654F}.Debug|Any CPU.Build.0 = Debug|Any CPU
		{451D4779-B5A0-4F6C-88E1-DA6B5AAE654F}.Release|Any CPU.ActiveCfg = Release|Any CPU
		{451D4779-B5A0-4F6C-88E1-DA6B5AAE654F}.Release|Any CPU.Build.0 = Release|Any CPU
		{0F2D1849-19C7-4C4A-96DC-686CB1F5E1CD}.Debug|Any CPU.ActiveCfg = Debug|Any CPU
		{0F2D1849-19C7-4C4A-96DC-686CB1F5E1CD}.Debug|Any CPU.Build.0 = Debug|Any CPU
		{0F2D1849-19C7-4C4A-96DC-686CB1F5E1CD}.Release|Any CPU.ActiveCfg = Release|Any CPU
		{0F2D1849-19C7-4C4A-96DC-686CB1F5E1CD}.Release|Any CPU.Build.0 = Release|Any CPU
	EndGlobalSection
	GlobalSection(SolutionProperties) = preSolution
		HideSolutionNode = FALSE
	EndGlobalSection
	GlobalSection(ExtensibilityGlobals) = postSolution
		SolutionGuid = {7E46A5FA-7124-41A5-B101-BCBACEAD0F7E}
	EndGlobalSection
EndGlobal
